
Microsoft Visual Studio Solution File, Format Version 12.00
# Visual Studio Version 17
VisualStudioVersion = 17.10.34916.146
MinimumVisualStudioVersion = 10.0.40219.1
Project("{FAE04EC0-301F-11D3-BF4B-00C04F79EFBC}") = "hauzio.webapi", "hauzio.webapi.csproj", "{B2A5941A-D2E4-4317-BEF9-9F93C4AC2380}"
EndProject
Global
	GlobalSection(SolutionConfigurationPlatforms) = preSolution
		Debug|Any CPU = Debug|Any CPU
		Release|Any CPU = Release|Any CPU
	EndGlobalSection
	GlobalSection(ProjectConfigurationPlatforms) = postSolution
		{B2A5941A-D2E4-4317-BEF9-9F93C4AC2380}.Debug|Any CPU.ActiveCfg = Debug|Any CPU
		{B2A5941A-D2E4-4317-BEF9-9F93C4AC2380}.Debug|Any CPU.Build.0 = Debug|Any CPU
		{B2A5941A-D2E4-4317-BEF9-9F93C4AC2380}.Release|Any CPU.ActiveCfg = Release|Any CPU
		{B2A5941A-D2E4-4317-BEF9-9F93C4AC2380}.Release|Any CPU.Build.0 = Release|Any CPU
	EndGlobalSection
	GlobalSection(SolutionProperties) = preSolution
		HideSolutionNode = FALSE
	EndGlobalSection
	GlobalSection(ExtensibilityGlobals) = postSolution
		SolutionGuid = {AA74FB07-E35F-4F4E-AFCD-7CF7EBA9FEDF}
	EndGlobalSection
EndGlobal
